// !$*UTF8*$!
{
	archiveVersion = 1;
	classes = {
	};
	objectVersion = 46;
	objects = {

/* Begin PBXBuildFile section */
		4913AF05225ECBCC00CE633A /* FeatureCollectionTests.swift in Sources */ = {isa = PBXBuildFile; fileRef = 4913AF04225ECBCC00CE633A /* FeatureCollectionTests.swift */; };
		4925D770225C18FF00006D52 /* MultiLineStringTests.swift in Sources */ = {isa = PBXBuildFile; fileRef = 4925D76F225C18FF00006D52 /* MultiLineStringTests.swift */; };
		4925D772225C19D100006D52 /* PolygonTests.swift in Sources */ = {isa = PBXBuildFile; fileRef = 4925D771225C19D100006D52 /* PolygonTests.swift */; };
		4925D774225C1AFC00006D52 /* MultiPolygonTests.swift in Sources */ = {isa = PBXBuildFile; fileRef = 4925D773225C1AFC00006D52 /* MultiPolygonTests.swift */; };
		4925D776225C1C2C00006D52 /* CoreTypesTestUtilities.swift in Sources */ = {isa = PBXBuildFile; fileRef = 4925D775225C1C2C00006D52 /* CoreTypesTestUtilities.swift */; };
		4925D778225C1FFF00006D52 /* GeometryCollectionTests.swift in Sources */ = {isa = PBXBuildFile; fileRef = 4925D777225C1FFF00006D52 /* GeometryCollectionTests.swift */; };
		49265722225EC97600426A5D /* FeatureTests.swift in Sources */ = {isa = PBXBuildFile; fileRef = 49265721225EC97600426A5D /* FeatureTests.swift */; };
		49436EC2226BF51500F8F99E /* geos.framework in Frameworks */ = {isa = PBXBuildFile; fileRef = 49436EC1226BF51500F8F99E /* geos.framework */; };
		49436EE8226BF9A100F8F99E /* geos.framework in CopyFiles */ = {isa = PBXBuildFile; fileRef = 49436EC1226BF51500F8F99E /* geos.framework */; settings = {ATTRIBUTES = (CodeSignOnCopy, RemoveHeadersOnCopy, ); }; };
		494F382D2263B30000D6FE47 /* GeometryCollection+CodableTests.swift in Sources */ = {isa = PBXBuildFile; fileRef = 494F382C2263B30000D6FE47 /* GeometryCollection+CodableTests.swift */; };
		494F382F2263B6CB00D6FE47 /* Feature+CodableTests.swift in Sources */ = {isa = PBXBuildFile; fileRef = 494F382E2263B6CB00D6FE47 /* Feature+CodableTests.swift */; };
		494F38312263BA7200D6FE47 /* FeatureCollection+CodableTests.swift in Sources */ = {isa = PBXBuildFile; fileRef = 494F38302263BA7200D6FE47 /* FeatureCollection+CodableTests.swift */; };
		494F38332263BCEF00D6FE47 /* Geometry+CodableTests.swift in Sources */ = {isa = PBXBuildFile; fileRef = 494F38322263BCEF00D6FE47 /* Geometry+CodableTests.swift */; };
		494F38352263BDBA00D6FE47 /* GeoJSON+CodableTests.swift in Sources */ = {isa = PBXBuildFile; fileRef = 494F38342263BDBA00D6FE47 /* GeoJSON+CodableTests.swift */; };
		494F38372263BEDA00D6FE47 /* JSON+CodableTests.swift in Sources */ = {isa = PBXBuildFile; fileRef = 494F38362263BEDA00D6FE47 /* JSON+CodableTests.swift */; };
		4956F5192280FAAA00D8075F /* JSONTests.swift in Sources */ = {isa = PBXBuildFile; fileRef = 4956F5182280FAAA00D8075F /* JSONTests.swift */; };
		495C1583225F689A009D1D6C /* Point+CodableTests.swift in Sources */ = {isa = PBXBuildFile; fileRef = 495C1582225F689A009D1D6C /* Point+CodableTests.swift */; };
		495C1587225F69FC009D1D6C /* CodableTestCase.swift in Sources */ = {isa = PBXBuildFile; fileRef = 495C1586225F69FC009D1D6C /* CodableTestCase.swift */; };
		495C1589225F7406009D1D6C /* MultiPoint+CodableTests.swift in Sources */ = {isa = PBXBuildFile; fileRef = 495C1588225F7406009D1D6C /* MultiPoint+CodableTests.swift */; };
		495C158B22602741009D1D6C /* LineString+CodableTests.swift in Sources */ = {isa = PBXBuildFile; fileRef = 495C158A22602741009D1D6C /* LineString+CodableTests.swift */; };
		495C158D2260278E009D1D6C /* MultiLineString+CodableTests.swift in Sources */ = {isa = PBXBuildFile; fileRef = 495C158C2260278E009D1D6C /* MultiLineString+CodableTests.swift */; };
		495C159022602B89009D1D6C /* Polygon+CodableTests.swift in Sources */ = {isa = PBXBuildFile; fileRef = 495C158F22602B89009D1D6C /* Polygon+CodableTests.swift */; };
		495C159222602D1F009D1D6C /* MultiPolygon+CodableTests.swift in Sources */ = {isa = PBXBuildFile; fileRef = 495C159122602D1F009D1D6C /* MultiPolygon+CodableTests.swift */; };
		49611D8022762405006BD851 /* GEOSObjectInitializable.swift in Sources */ = {isa = PBXBuildFile; fileRef = 49611D7F22762405006BD851 /* GEOSObjectInitializable.swift */; };
		49611D8222762438006BD851 /* Point+GEOSObjectInitializable.swift in Sources */ = {isa = PBXBuildFile; fileRef = 49611D8122762438006BD851 /* Point+GEOSObjectInitializable.swift */; };
		49611D842276247D006BD851 /* LineString+GEOSObjectInitializable.swift in Sources */ = {isa = PBXBuildFile; fileRef = 49611D832276247D006BD851 /* LineString+GEOSObjectInitializable.swift */; };
		49611D86227624D3006BD851 /* Polygon+GEOSObjectInitializable.swift in Sources */ = {isa = PBXBuildFile; fileRef = 49611D85227624D3006BD851 /* Polygon+GEOSObjectInitializable.swift */; };
		49611D8822762525006BD851 /* MultiPoint+GEOSObjectInitializable.swift in Sources */ = {isa = PBXBuildFile; fileRef = 49611D8722762525006BD851 /* MultiPoint+GEOSObjectInitializable.swift */; };
		49611D8A22762556006BD851 /* MultiLineString+GEOSObjectInitializable.swift in Sources */ = {isa = PBXBuildFile; fileRef = 49611D8922762556006BD851 /* MultiLineString+GEOSObjectInitializable.swift */; };
		49611D8C22762571006BD851 /* GEOSHelpers.swift in Sources */ = {isa = PBXBuildFile; fileRef = 49611D8B22762571006BD851 /* GEOSHelpers.swift */; };
		49611D8E227625B0006BD851 /* MultiPolygon+GEOSObjectInitializable.swift in Sources */ = {isa = PBXBuildFile; fileRef = 49611D8D227625B0006BD851 /* MultiPolygon+GEOSObjectInitializable.swift */; };
		49611D9222763AF7006BD851 /* GEOSGeometry.swift in Sources */ = {isa = PBXBuildFile; fileRef = 49611D9122763AF7006BD851 /* GEOSGeometry.swift */; };
		49611D9422764914006BD851 /* GEOSGeometryCollection.swift in Sources */ = {isa = PBXBuildFile; fileRef = 49611D9322764914006BD851 /* GEOSGeometryCollection.swift */; };
		49910804225ADF2F008F14F4 /* PointTests.swift in Sources */ = {isa = PBXBuildFile; fileRef = 49910803225ADF2F008F14F4 /* PointTests.swift */; };
		49910806225ADF92008F14F4 /* MultiPointTests.swift in Sources */ = {isa = PBXBuildFile; fileRef = 49910805225ADF92008F14F4 /* MultiPointTests.swift */; };
		49910808225AE011008F14F4 /* LineStringTests.swift in Sources */ = {isa = PBXBuildFile; fileRef = 49910807225AE011008F14F4 /* LineStringTests.swift */; };
		499B69722283A9040039991F /* GEOSContextTests.swift in Sources */ = {isa = PBXBuildFile; fileRef = 499B69712283A9040039991F /* GEOSContextTests.swift */; };
		49C2D27222598431000AF55D /* FeatureCollection.swift in Sources */ = {isa = PBXBuildFile; fileRef = 49C2D27122598431000AF55D /* FeatureCollection.swift */; };
		49C2D27422598750000AF55D /* Point.swift in Sources */ = {isa = PBXBuildFile; fileRef = 49C2D27322598750000AF55D /* Point.swift */; };
		49C2D27622598BB2000AF55D /* MultiPoint.swift in Sources */ = {isa = PBXBuildFile; fileRef = 49C2D27522598BB2000AF55D /* MultiPoint.swift */; };
		49C2D27822598F34000AF55D /* LineString.swift in Sources */ = {isa = PBXBuildFile; fileRef = 49C2D27722598F34000AF55D /* LineString.swift */; };
		49C2D27C225990D1000AF55D /* GEOSwiftError.swift in Sources */ = {isa = PBXBuildFile; fileRef = 49C2D27B225990D1000AF55D /* GEOSwiftError.swift */; };
		49C2D27E225992FB000AF55D /* MultiLineString.swift in Sources */ = {isa = PBXBuildFile; fileRef = 49C2D27D225992FB000AF55D /* MultiLineString.swift */; };
		49C2D2802259948C000AF55D /* Polygon.swift in Sources */ = {isa = PBXBuildFile; fileRef = 49C2D27F2259948C000AF55D /* Polygon.swift */; };
		49C2D28222599837000AF55D /* MultiPolygon.swift in Sources */ = {isa = PBXBuildFile; fileRef = 49C2D28122599837000AF55D /* MultiPolygon.swift */; };
		49C2D284225998D2000AF55D /* Geometry.swift in Sources */ = {isa = PBXBuildFile; fileRef = 49C2D283225998D2000AF55D /* Geometry.swift */; };
		49C2D28622599CC9000AF55D /* JSON.swift in Sources */ = {isa = PBXBuildFile; fileRef = 49C2D28522599CC9000AF55D /* JSON.swift */; };
		49C2D28822599F5D000AF55D /* GeoJSON.swift in Sources */ = {isa = PBXBuildFile; fileRef = 49C2D28722599F5D000AF55D /* GeoJSON.swift */; };
		49C2D28A225A460F000AF55D /* GeoJSONType.swift in Sources */ = {isa = PBXBuildFile; fileRef = 49C2D289225A460F000AF55D /* GeoJSONType.swift */; };
		49C2D28C225A8962000AF55D /* GeometryCollection.swift in Sources */ = {isa = PBXBuildFile; fileRef = 49C2D28B225A8962000AF55D /* GeometryCollection.swift */; };
		49C2D28E225A89CA000AF55D /* CodableGeometry.swift in Sources */ = {isa = PBXBuildFile; fileRef = 49C2D28D225A89CA000AF55D /* CodableGeometry.swift */; };
		49C2D29D225A9165000AF55D /* Geometry+Codable.swift in Sources */ = {isa = PBXBuildFile; fileRef = 49C2D291225A9164000AF55D /* Geometry+Codable.swift */; };
		49C2D29E225A9165000AF55D /* JSON+Codable.swift in Sources */ = {isa = PBXBuildFile; fileRef = 49C2D292225A9164000AF55D /* JSON+Codable.swift */; };
		49C2D29F225A9165000AF55D /* MultiPoint+Codable.swift in Sources */ = {isa = PBXBuildFile; fileRef = 49C2D293225A9164000AF55D /* MultiPoint+Codable.swift */; };
		49C2D2A0225A9165000AF55D /* MultiLineString+Codable.swift in Sources */ = {isa = PBXBuildFile; fileRef = 49C2D294225A9164000AF55D /* MultiLineString+Codable.swift */; };
		49C2D2A1225A9165000AF55D /* GeoJSON+Codable.swift in Sources */ = {isa = PBXBuildFile; fileRef = 49C2D295225A9164000AF55D /* GeoJSON+Codable.swift */; };
		49C2D2A2225A9165000AF55D /* LineString+Codable.swift in Sources */ = {isa = PBXBuildFile; fileRef = 49C2D296225A9164000AF55D /* LineString+Codable.swift */; };
		49C2D2A3225A9165000AF55D /* MultiPolygon+Codable.swift in Sources */ = {isa = PBXBuildFile; fileRef = 49C2D297225A9164000AF55D /* MultiPolygon+Codable.swift */; };
		49C2D2A4225A9165000AF55D /* Feature+Codable.swift in Sources */ = {isa = PBXBuildFile; fileRef = 49C2D298225A9164000AF55D /* Feature+Codable.swift */; };
		49C2D2A5225A9165000AF55D /* FeatureCollection+Codable.swift in Sources */ = {isa = PBXBuildFile; fileRef = 49C2D299225A9164000AF55D /* FeatureCollection+Codable.swift */; };
		49C2D2A6225A9165000AF55D /* Point+Codable.swift in Sources */ = {isa = PBXBuildFile; fileRef = 49C2D29A225A9164000AF55D /* Point+Codable.swift */; };
		49C2D2A7225A9165000AF55D /* GeometryCollection+Codable.swift in Sources */ = {isa = PBXBuildFile; fileRef = 49C2D29B225A9165000AF55D /* GeometryCollection+Codable.swift */; };
		49C2D2A8225A9165000AF55D /* Polygon+Codable.swift in Sources */ = {isa = PBXBuildFile; fileRef = 49C2D29C225A9165000AF55D /* Polygon+Codable.swift */; };
		49EF9929227522CB000BA832 /* GEOSError.swift in Sources */ = {isa = PBXBuildFile; fileRef = 49EF9928227522CB000BA832 /* GEOSError.swift */; };
		49EF992B227522DF000BA832 /* GEOSContext.swift in Sources */ = {isa = PBXBuildFile; fileRef = 49EF992A227522DF000BA832 /* GEOSContext.swift */; };
		49EF992D22752320000BA832 /* GEOSObject.swift in Sources */ = {isa = PBXBuildFile; fileRef = 49EF992C22752320000BA832 /* GEOSObject.swift */; };
		49EF992F22752387000BA832 /* WKT.swift in Sources */ = {isa = PBXBuildFile; fileRef = 49EF992E22752387000BA832 /* WKT.swift */; };
		49EF9931227525A4000BA832 /* WKB.swift in Sources */ = {isa = PBXBuildFile; fileRef = 49EF9930227525A4000BA832 /* WKB.swift */; };
		BF7C38081F82F03D001509AF /* Feature.swift in Sources */ = {isa = PBXBuildFile; fileRef = BF7C38071F82F03D001509AF /* Feature.swift */; };
		CD20F1DD1B2830700045D8FD /* GEOSwift.framework in CopyFiles */ = {isa = PBXBuildFile; fileRef = CD2299841B10B506002C19AE /* GEOSwift.framework */; settings = {ATTRIBUTES = (CodeSignOnCopy, RemoveHeadersOnCopy, ); }; };
		CD22998F1B10B506002C19AE /* GEOSwift.framework in Frameworks */ = {isa = PBXBuildFile; fileRef = CD2299841B10B506002C19AE /* GEOSwift.framework */; };
		CD25D73E1B27364E008B3FB3 /* GEOSwift.h in Headers */ = {isa = PBXBuildFile; fileRef = CD25D73D1B27364E008B3FB3 /* GEOSwift.h */; settings = {ATTRIBUTES = (Public, ); }; };
/* End PBXBuildFile section */

/* Begin PBXContainerItemProxy section */
		CD2299901B10B506002C19AE /* PBXContainerItemProxy */ = {
			isa = PBXContainerItemProxy;
			containerPortal = CD6533A91B0E0DFF00DE6D84 /* Project object */;
			proxyType = 1;
			remoteGlobalIDString = CD2299831B10B506002C19AE;
			remoteInfo = Humboldt;
		};
/* End PBXContainerItemProxy section */

/* Begin PBXCopyFilesBuildPhase section */
		CD20F1DC1B2830600045D8FD /* CopyFiles */ = {
			isa = PBXCopyFilesBuildPhase;
			buildActionMask = 2147483647;
			dstPath = "";
			dstSubfolderSpec = 10;
			files = (
				CD20F1DD1B2830700045D8FD /* GEOSwift.framework in CopyFiles */,
				49436EE8226BF9A100F8F99E /* geos.framework in CopyFiles */,
			);
			runOnlyForDeploymentPostprocessing = 0;
		};
/* End PBXCopyFilesBuildPhase section */

/* Begin PBXFileReference section */
		4913AF04225ECBCC00CE633A /* FeatureCollectionTests.swift */ = {isa = PBXFileReference; lastKnownFileType = sourcecode.swift; path = FeatureCollectionTests.swift; sourceTree = "<group>"; };
		4925D76F225C18FF00006D52 /* MultiLineStringTests.swift */ = {isa = PBXFileReference; lastKnownFileType = sourcecode.swift; path = MultiLineStringTests.swift; sourceTree = "<group>"; };
		4925D771225C19D100006D52 /* PolygonTests.swift */ = {isa = PBXFileReference; lastKnownFileType = sourcecode.swift; path = PolygonTests.swift; sourceTree = "<group>"; };
		4925D773225C1AFC00006D52 /* MultiPolygonTests.swift */ = {isa = PBXFileReference; lastKnownFileType = sourcecode.swift; path = MultiPolygonTests.swift; sourceTree = "<group>"; };
		4925D775225C1C2C00006D52 /* CoreTypesTestUtilities.swift */ = {isa = PBXFileReference; lastKnownFileType = sourcecode.swift; path = CoreTypesTestUtilities.swift; sourceTree = "<group>"; };
		4925D777225C1FFF00006D52 /* GeometryCollectionTests.swift */ = {isa = PBXFileReference; lastKnownFileType = sourcecode.swift; path = GeometryCollectionTests.swift; sourceTree = "<group>"; };
		49265721225EC97600426A5D /* FeatureTests.swift */ = {isa = PBXFileReference; fileEncoding = 4; lastKnownFileType = sourcecode.swift; path = FeatureTests.swift; sourceTree = "<group>"; };
		49436EC1226BF51500F8F99E /* geos.framework */ = {isa = PBXFileReference; lastKnownFileType = wrapper.framework; name = geos.framework; path = Carthage/Build/iOS/geos.framework; sourceTree = "<group>"; };
		494F382C2263B30000D6FE47 /* GeometryCollection+CodableTests.swift */ = {isa = PBXFileReference; lastKnownFileType = sourcecode.swift; path = "GeometryCollection+CodableTests.swift"; sourceTree = "<group>"; };
		494F382E2263B6CB00D6FE47 /* Feature+CodableTests.swift */ = {isa = PBXFileReference; lastKnownFileType = sourcecode.swift; path = "Feature+CodableTests.swift"; sourceTree = "<group>"; };
		494F38302263BA7200D6FE47 /* FeatureCollection+CodableTests.swift */ = {isa = PBXFileReference; lastKnownFileType = sourcecode.swift; path = "FeatureCollection+CodableTests.swift"; sourceTree = "<group>"; };
		494F38322263BCEF00D6FE47 /* Geometry+CodableTests.swift */ = {isa = PBXFileReference; lastKnownFileType = sourcecode.swift; path = "Geometry+CodableTests.swift"; sourceTree = "<group>"; };
		494F38342263BDBA00D6FE47 /* GeoJSON+CodableTests.swift */ = {isa = PBXFileReference; lastKnownFileType = sourcecode.swift; path = "GeoJSON+CodableTests.swift"; sourceTree = "<group>"; };
		494F38362263BEDA00D6FE47 /* JSON+CodableTests.swift */ = {isa = PBXFileReference; lastKnownFileType = sourcecode.swift; path = "JSON+CodableTests.swift"; sourceTree = "<group>"; };
		4956F5182280FAAA00D8075F /* JSONTests.swift */ = {isa = PBXFileReference; lastKnownFileType = sourcecode.swift; path = JSONTests.swift; sourceTree = "<group>"; };
		495C1582225F689A009D1D6C /* Point+CodableTests.swift */ = {isa = PBXFileReference; lastKnownFileType = sourcecode.swift; path = "Point+CodableTests.swift"; sourceTree = "<group>"; };
		495C1586225F69FC009D1D6C /* CodableTestCase.swift */ = {isa = PBXFileReference; lastKnownFileType = sourcecode.swift; path = CodableTestCase.swift; sourceTree = "<group>"; };
		495C1588225F7406009D1D6C /* MultiPoint+CodableTests.swift */ = {isa = PBXFileReference; lastKnownFileType = sourcecode.swift; path = "MultiPoint+CodableTests.swift"; sourceTree = "<group>"; };
		495C158A22602741009D1D6C /* LineString+CodableTests.swift */ = {isa = PBXFileReference; lastKnownFileType = sourcecode.swift; path = "LineString+CodableTests.swift"; sourceTree = "<group>"; };
		495C158C2260278E009D1D6C /* MultiLineString+CodableTests.swift */ = {isa = PBXFileReference; lastKnownFileType = sourcecode.swift; path = "MultiLineString+CodableTests.swift"; sourceTree = "<group>"; };
		495C158F22602B89009D1D6C /* Polygon+CodableTests.swift */ = {isa = PBXFileReference; lastKnownFileType = sourcecode.swift; path = "Polygon+CodableTests.swift"; sourceTree = "<group>"; };
		495C159122602D1F009D1D6C /* MultiPolygon+CodableTests.swift */ = {isa = PBXFileReference; lastKnownFileType = sourcecode.swift; path = "MultiPolygon+CodableTests.swift"; sourceTree = "<group>"; };
		49611D7F22762405006BD851 /* GEOSObjectInitializable.swift */ = {isa = PBXFileReference; lastKnownFileType = sourcecode.swift; path = GEOSObjectInitializable.swift; sourceTree = "<group>"; };
		49611D8122762438006BD851 /* Point+GEOSObjectInitializable.swift */ = {isa = PBXFileReference; lastKnownFileType = sourcecode.swift; path = "Point+GEOSObjectInitializable.swift"; sourceTree = "<group>"; };
		49611D832276247D006BD851 /* LineString+GEOSObjectInitializable.swift */ = {isa = PBXFileReference; lastKnownFileType = sourcecode.swift; path = "LineString+GEOSObjectInitializable.swift"; sourceTree = "<group>"; };
		49611D85227624D3006BD851 /* Polygon+GEOSObjectInitializable.swift */ = {isa = PBXFileReference; lastKnownFileType = sourcecode.swift; path = "Polygon+GEOSObjectInitializable.swift"; sourceTree = "<group>"; };
		49611D8722762525006BD851 /* MultiPoint+GEOSObjectInitializable.swift */ = {isa = PBXFileReference; lastKnownFileType = sourcecode.swift; path = "MultiPoint+GEOSObjectInitializable.swift"; sourceTree = "<group>"; };
		49611D8922762556006BD851 /* MultiLineString+GEOSObjectInitializable.swift */ = {isa = PBXFileReference; lastKnownFileType = sourcecode.swift; path = "MultiLineString+GEOSObjectInitializable.swift"; sourceTree = "<group>"; };
		49611D8B22762571006BD851 /* GEOSHelpers.swift */ = {isa = PBXFileReference; lastKnownFileType = sourcecode.swift; path = GEOSHelpers.swift; sourceTree = "<group>"; };
		49611D8D227625B0006BD851 /* MultiPolygon+GEOSObjectInitializable.swift */ = {isa = PBXFileReference; lastKnownFileType = sourcecode.swift; path = "MultiPolygon+GEOSObjectInitializable.swift"; sourceTree = "<group>"; };
		49611D9122763AF7006BD851 /* GEOSGeometry.swift */ = {isa = PBXFileReference; lastKnownFileType = sourcecode.swift; path = GEOSGeometry.swift; sourceTree = "<group>"; };
		49611D9322764914006BD851 /* GEOSGeometryCollection.swift */ = {isa = PBXFileReference; lastKnownFileType = sourcecode.swift; path = GEOSGeometryCollection.swift; sourceTree = "<group>"; };
		49910803225ADF2F008F14F4 /* PointTests.swift */ = {isa = PBXFileReference; lastKnownFileType = sourcecode.swift; path = PointTests.swift; sourceTree = "<group>"; };
		49910805225ADF92008F14F4 /* MultiPointTests.swift */ = {isa = PBXFileReference; lastKnownFileType = sourcecode.swift; path = MultiPointTests.swift; sourceTree = "<group>"; };
		49910807225AE011008F14F4 /* LineStringTests.swift */ = {isa = PBXFileReference; lastKnownFileType = sourcecode.swift; path = LineStringTests.swift; sourceTree = "<group>"; };
		499B69712283A9040039991F /* GEOSContextTests.swift */ = {isa = PBXFileReference; lastKnownFileType = sourcecode.swift; path = GEOSContextTests.swift; sourceTree = "<group>"; };
		49C2D27122598431000AF55D /* FeatureCollection.swift */ = {isa = PBXFileReference; lastKnownFileType = sourcecode.swift; path = FeatureCollection.swift; sourceTree = "<group>"; };
		49C2D27322598750000AF55D /* Point.swift */ = {isa = PBXFileReference; lastKnownFileType = sourcecode.swift; path = Point.swift; sourceTree = "<group>"; };
		49C2D27522598BB2000AF55D /* MultiPoint.swift */ = {isa = PBXFileReference; lastKnownFileType = sourcecode.swift; path = MultiPoint.swift; sourceTree = "<group>"; };
		49C2D27722598F34000AF55D /* LineString.swift */ = {isa = PBXFileReference; lastKnownFileType = sourcecode.swift; path = LineString.swift; sourceTree = "<group>"; };
		49C2D27B225990D1000AF55D /* GEOSwiftError.swift */ = {isa = PBXFileReference; lastKnownFileType = sourcecode.swift; path = GEOSwiftError.swift; sourceTree = "<group>"; };
		49C2D27D225992FB000AF55D /* MultiLineString.swift */ = {isa = PBXFileReference; lastKnownFileType = sourcecode.swift; path = MultiLineString.swift; sourceTree = "<group>"; };
		49C2D27F2259948C000AF55D /* Polygon.swift */ = {isa = PBXFileReference; lastKnownFileType = sourcecode.swift; path = Polygon.swift; sourceTree = "<group>"; };
		49C2D28122599837000AF55D /* MultiPolygon.swift */ = {isa = PBXFileReference; lastKnownFileType = sourcecode.swift; path = MultiPolygon.swift; sourceTree = "<group>"; };
		49C2D283225998D2000AF55D /* Geometry.swift */ = {isa = PBXFileReference; lastKnownFileType = sourcecode.swift; path = Geometry.swift; sourceTree = "<group>"; };
		49C2D28522599CC9000AF55D /* JSON.swift */ = {isa = PBXFileReference; lastKnownFileType = sourcecode.swift; path = JSON.swift; sourceTree = "<group>"; };
		49C2D28722599F5D000AF55D /* GeoJSON.swift */ = {isa = PBXFileReference; lastKnownFileType = sourcecode.swift; path = GeoJSON.swift; sourceTree = "<group>"; };
		49C2D289225A460F000AF55D /* GeoJSONType.swift */ = {isa = PBXFileReference; lastKnownFileType = sourcecode.swift; path = GeoJSONType.swift; sourceTree = "<group>"; };
		49C2D28B225A8962000AF55D /* GeometryCollection.swift */ = {isa = PBXFileReference; lastKnownFileType = sourcecode.swift; path = GeometryCollection.swift; sourceTree = "<group>"; };
		49C2D28D225A89CA000AF55D /* CodableGeometry.swift */ = {isa = PBXFileReference; lastKnownFileType = sourcecode.swift; path = CodableGeometry.swift; sourceTree = "<group>"; };
		49C2D291225A9164000AF55D /* Geometry+Codable.swift */ = {isa = PBXFileReference; fileEncoding = 4; lastKnownFileType = sourcecode.swift; path = "Geometry+Codable.swift"; sourceTree = "<group>"; };
		49C2D292225A9164000AF55D /* JSON+Codable.swift */ = {isa = PBXFileReference; fileEncoding = 4; lastKnownFileType = sourcecode.swift; path = "JSON+Codable.swift"; sourceTree = "<group>"; };
		49C2D293225A9164000AF55D /* MultiPoint+Codable.swift */ = {isa = PBXFileReference; fileEncoding = 4; lastKnownFileType = sourcecode.swift; path = "MultiPoint+Codable.swift"; sourceTree = "<group>"; };
		49C2D294225A9164000AF55D /* MultiLineString+Codable.swift */ = {isa = PBXFileReference; fileEncoding = 4; lastKnownFileType = sourcecode.swift; path = "MultiLineString+Codable.swift"; sourceTree = "<group>"; };
		49C2D295225A9164000AF55D /* GeoJSON+Codable.swift */ = {isa = PBXFileReference; fileEncoding = 4; lastKnownFileType = sourcecode.swift; path = "GeoJSON+Codable.swift"; sourceTree = "<group>"; };
		49C2D296225A9164000AF55D /* LineString+Codable.swift */ = {isa = PBXFileReference; fileEncoding = 4; lastKnownFileType = sourcecode.swift; path = "LineString+Codable.swift"; sourceTree = "<group>"; };
		49C2D297225A9164000AF55D /* MultiPolygon+Codable.swift */ = {isa = PBXFileReference; fileEncoding = 4; lastKnownFileType = sourcecode.swift; path = "MultiPolygon+Codable.swift"; sourceTree = "<group>"; };
		49C2D298225A9164000AF55D /* Feature+Codable.swift */ = {isa = PBXFileReference; fileEncoding = 4; lastKnownFileType = sourcecode.swift; path = "Feature+Codable.swift"; sourceTree = "<group>"; };
		49C2D299225A9164000AF55D /* FeatureCollection+Codable.swift */ = {isa = PBXFileReference; fileEncoding = 4; lastKnownFileType = sourcecode.swift; path = "FeatureCollection+Codable.swift"; sourceTree = "<group>"; };
		49C2D29A225A9164000AF55D /* Point+Codable.swift */ = {isa = PBXFileReference; fileEncoding = 4; lastKnownFileType = sourcecode.swift; path = "Point+Codable.swift"; sourceTree = "<group>"; };
		49C2D29B225A9165000AF55D /* GeometryCollection+Codable.swift */ = {isa = PBXFileReference; fileEncoding = 4; lastKnownFileType = sourcecode.swift; path = "GeometryCollection+Codable.swift"; sourceTree = "<group>"; };
		49C2D29C225A9165000AF55D /* Polygon+Codable.swift */ = {isa = PBXFileReference; fileEncoding = 4; lastKnownFileType = sourcecode.swift; path = "Polygon+Codable.swift"; sourceTree = "<group>"; };
		49EF9928227522CB000BA832 /* GEOSError.swift */ = {isa = PBXFileReference; lastKnownFileType = sourcecode.swift; path = GEOSError.swift; sourceTree = "<group>"; };
		49EF992A227522DF000BA832 /* GEOSContext.swift */ = {isa = PBXFileReference; lastKnownFileType = sourcecode.swift; path = GEOSContext.swift; sourceTree = "<group>"; };
		49EF992C22752320000BA832 /* GEOSObject.swift */ = {isa = PBXFileReference; lastKnownFileType = sourcecode.swift; path = GEOSObject.swift; sourceTree = "<group>"; };
		49EF992E22752387000BA832 /* WKT.swift */ = {isa = PBXFileReference; lastKnownFileType = sourcecode.swift; path = WKT.swift; sourceTree = "<group>"; };
		49EF9930227525A4000BA832 /* WKB.swift */ = {isa = PBXFileReference; fileEncoding = 4; lastKnownFileType = sourcecode.swift; path = WKB.swift; sourceTree = "<group>"; };
		81E4A0B41F0CB8C50073186F /* Info.plist */ = {isa = PBXFileReference; lastKnownFileType = text.plist.xml; name = Info.plist; path = GEOSwift/Info.plist; sourceTree = SOURCE_ROOT; };
		BF7C38071F82F03D001509AF /* Feature.swift */ = {isa = PBXFileReference; lastKnownFileType = sourcecode.swift; path = Feature.swift; sourceTree = "<group>"; };
		CD2299841B10B506002C19AE /* GEOSwift.framework */ = {isa = PBXFileReference; explicitFileType = wrapper.framework; includeInIndex = 0; path = GEOSwift.framework; sourceTree = BUILT_PRODUCTS_DIR; };
		CD22998E1B10B506002C19AE /* GEOSwiftTests.xctest */ = {isa = PBXFileReference; explicitFileType = wrapper.cfbundle; includeInIndex = 0; path = GEOSwiftTests.xctest; sourceTree = BUILT_PRODUCTS_DIR; };
		CD2299961B10B506002C19AE /* Info.plist */ = {isa = PBXFileReference; lastKnownFileType = text.plist.xml; path = Info.plist; sourceTree = "<group>"; };
		CD25D73D1B27364E008B3FB3 /* GEOSwift.h */ = {isa = PBXFileReference; fileEncoding = 4; lastKnownFileType = sourcecode.c.h; name = GEOSwift.h; path = GEOSwift/GEOSwift.h; sourceTree = SOURCE_ROOT; };
/* End PBXFileReference section */

/* Begin PBXFrameworksBuildPhase section */
		36BA490CD3061F30F02CD17A /* Frameworks */ = {
			isa = PBXFrameworksBuildPhase;
			buildActionMask = 2147483647;
			files = (
				49436EC2226BF51500F8F99E /* geos.framework in Frameworks */,
			);
			runOnlyForDeploymentPostprocessing = 0;
		};
		CD22998B1B10B506002C19AE /* Frameworks */ = {
			isa = PBXFrameworksBuildPhase;
			buildActionMask = 2147483647;
			files = (
				CD22998F1B10B506002C19AE /* GEOSwift.framework in Frameworks */,
			);
			runOnlyForDeploymentPostprocessing = 0;
		};
/* End PBXFrameworksBuildPhase section */

/* Begin PBXGroup section */
		49910801225ADEED008F14F4 /* Core Types */ = {
			isa = PBXGroup;
			children = (
				4956F5182280FAAA00D8075F /* JSONTests.swift */,
				4925D775225C1C2C00006D52 /* CoreTypesTestUtilities.swift */,
				49910803225ADF2F008F14F4 /* PointTests.swift */,
				49910805225ADF92008F14F4 /* MultiPointTests.swift */,
				49910807225AE011008F14F4 /* LineStringTests.swift */,
				4925D76F225C18FF00006D52 /* MultiLineStringTests.swift */,
				4925D771225C19D100006D52 /* PolygonTests.swift */,
				4925D773225C1AFC00006D52 /* MultiPolygonTests.swift */,
				4925D777225C1FFF00006D52 /* GeometryCollectionTests.swift */,
				49265721225EC97600426A5D /* FeatureTests.swift */,
				4913AF04225ECBCC00CE633A /* FeatureCollectionTests.swift */,
			);
			path = "Core Types";
			sourceTree = "<group>";
		};
		49910802225ADEF9008F14F4 /* Codable */ = {
			isa = PBXGroup;
			children = (
				495C1586225F69FC009D1D6C /* CodableTestCase.swift */,
				494F38362263BEDA00D6FE47 /* JSON+CodableTests.swift */,
				495C1582225F689A009D1D6C /* Point+CodableTests.swift */,
				495C1588225F7406009D1D6C /* MultiPoint+CodableTests.swift */,
				495C158A22602741009D1D6C /* LineString+CodableTests.swift */,
				495C158C2260278E009D1D6C /* MultiLineString+CodableTests.swift */,
				495C158F22602B89009D1D6C /* Polygon+CodableTests.swift */,
				495C159122602D1F009D1D6C /* MultiPolygon+CodableTests.swift */,
				494F382C2263B30000D6FE47 /* GeometryCollection+CodableTests.swift */,
				494F38322263BCEF00D6FE47 /* Geometry+CodableTests.swift */,
				494F382E2263B6CB00D6FE47 /* Feature+CodableTests.swift */,
				494F38302263BA7200D6FE47 /* FeatureCollection+CodableTests.swift */,
				494F38342263BDBA00D6FE47 /* GeoJSON+CodableTests.swift */,
			);
			path = Codable;
			sourceTree = "<group>";
		};
		499B69702283A8EE0039991F /* GEOS */ = {
			isa = PBXGroup;
			children = (
				499B69712283A9040039991F /* GEOSContextTests.swift */,
			);
			path = GEOS;
			sourceTree = "<group>";
		};
		49C2D28F225A8FEE000AF55D /* Core Types */ = {
			isa = PBXGroup;
			children = (
				49C2D28522599CC9000AF55D /* JSON.swift */,
				49C2D27322598750000AF55D /* Point.swift */,
				49C2D27522598BB2000AF55D /* MultiPoint.swift */,
				49C2D27722598F34000AF55D /* LineString.swift */,
				49C2D27D225992FB000AF55D /* MultiLineString.swift */,
				49C2D27F2259948C000AF55D /* Polygon.swift */,
				49C2D28122599837000AF55D /* MultiPolygon.swift */,
				49C2D28B225A8962000AF55D /* GeometryCollection.swift */,
				49C2D283225998D2000AF55D /* Geometry.swift */,
				BF7C38071F82F03D001509AF /* Feature.swift */,
				49C2D27122598431000AF55D /* FeatureCollection.swift */,
				49C2D28722599F5D000AF55D /* GeoJSON.swift */,
			);
			path = "Core Types";
			sourceTree = "<group>";
		};
		49C2D290225A904A000AF55D /* Codable */ = {
			isa = PBXGroup;
			children = (
				49C2D289225A460F000AF55D /* GeoJSONType.swift */,
				49C2D28D225A89CA000AF55D /* CodableGeometry.swift */,
				49C2D292225A9164000AF55D /* JSON+Codable.swift */,
				49C2D29A225A9164000AF55D /* Point+Codable.swift */,
				49C2D293225A9164000AF55D /* MultiPoint+Codable.swift */,
				49C2D296225A9164000AF55D /* LineString+Codable.swift */,
				49C2D294225A9164000AF55D /* MultiLineString+Codable.swift */,
				49C2D29C225A9165000AF55D /* Polygon+Codable.swift */,
				49C2D297225A9164000AF55D /* MultiPolygon+Codable.swift */,
				49C2D29B225A9165000AF55D /* GeometryCollection+Codable.swift */,
				49C2D291225A9164000AF55D /* Geometry+Codable.swift */,
				49C2D298225A9164000AF55D /* Feature+Codable.swift */,
				49C2D299225A9164000AF55D /* FeatureCollection+Codable.swift */,
				49C2D295225A9164000AF55D /* GeoJSON+Codable.swift */,
			);
			path = Codable;
			sourceTree = "<group>";
		};
		49EF99252274D4BA000BA832 /* GEOS */ = {
			isa = PBXGroup;
			children = (
				49EF9928227522CB000BA832 /* GEOSError.swift */,
				49EF992A227522DF000BA832 /* GEOSContext.swift */,
				49EF992C22752320000BA832 /* GEOSObject.swift */,
				49611D8B22762571006BD851 /* GEOSHelpers.swift */,
				49611D9122763AF7006BD851 /* GEOSGeometry.swift */,
				49611D9322764914006BD851 /* GEOSGeometryCollection.swift */,
				49611D7F22762405006BD851 /* GEOSObjectInitializable.swift */,
				49611D8122762438006BD851 /* Point+GEOSObjectInitializable.swift */,
				49611D832276247D006BD851 /* LineString+GEOSObjectInitializable.swift */,
				49611D85227624D3006BD851 /* Polygon+GEOSObjectInitializable.swift */,
				49611D8722762525006BD851 /* MultiPoint+GEOSObjectInitializable.swift */,
				49611D8922762556006BD851 /* MultiLineString+GEOSObjectInitializable.swift */,
				49611D8D227625B0006BD851 /* MultiPolygon+GEOSObjectInitializable.swift */,
				49EF992E22752387000BA832 /* WKT.swift */,
				49EF9930227525A4000BA832 /* WKB.swift */,
			);
			path = GEOS;
			sourceTree = "<group>";
		};
		CD2299851B10B506002C19AE /* GEOSwift */ = {
			isa = PBXGroup;
			children = (
				CD25D73D1B27364E008B3FB3 /* GEOSwift.h */,
				49C2D27B225990D1000AF55D /* GEOSwiftError.swift */,
				49C2D28F225A8FEE000AF55D /* Core Types */,
				49C2D290225A904A000AF55D /* Codable */,
				49EF99252274D4BA000BA832 /* GEOS */,
				CD2299861B10B506002C19AE /* Supporting Files */,
			);
			path = GEOSwift;
			sourceTree = "<group>";
		};
		CD2299861B10B506002C19AE /* Supporting Files */ = {
			isa = PBXGroup;
			children = (
				81E4A0B41F0CB8C50073186F /* Info.plist */,
			);
			name = "Supporting Files";
			sourceTree = "<group>";
		};
		CD2299941B10B506002C19AE /* GEOSwiftTests */ = {
			isa = PBXGroup;
			children = (
				49910801225ADEED008F14F4 /* Core Types */,
				49910802225ADEF9008F14F4 /* Codable */,
				499B69702283A8EE0039991F /* GEOS */,
				CD2299951B10B506002C19AE /* Supporting Files */,
			);
			path = GEOSwiftTests;
			sourceTree = "<group>";
		};
		CD2299951B10B506002C19AE /* Supporting Files */ = {
			isa = PBXGroup;
			children = (
				CD2299961B10B506002C19AE /* Info.plist */,
			);
			name = "Supporting Files";
			sourceTree = "<group>";
		};
		CD6533A81B0E0DFF00DE6D84 = {
			isa = PBXGroup;
			children = (
				CD2299851B10B506002C19AE /* GEOSwift */,
				CD2299941B10B506002C19AE /* GEOSwiftTests */,
				CD6533B21B0E0DFF00DE6D84 /* Products */,
				F249FE82CF1F95FBFCF62C71 /* Frameworks */,
			);
			sourceTree = "<group>";
		};
		CD6533B21B0E0DFF00DE6D84 /* Products */ = {
			isa = PBXGroup;
			children = (
				CD2299841B10B506002C19AE /* GEOSwift.framework */,
				CD22998E1B10B506002C19AE /* GEOSwiftTests.xctest */,
			);
			name = Products;
			sourceTree = "<group>";
		};
		F249FE82CF1F95FBFCF62C71 /* Frameworks */ = {
			isa = PBXGroup;
			children = (
				49436EC1226BF51500F8F99E /* geos.framework */,
			);
			name = Frameworks;
			sourceTree = "<group>";
		};
/* End PBXGroup section */

/* Begin PBXHeadersBuildPhase section */
		CD2299811B10B506002C19AE /* Headers */ = {
			isa = PBXHeadersBuildPhase;
			buildActionMask = 2147483647;
			files = (
				CD25D73E1B27364E008B3FB3 /* GEOSwift.h in Headers */,
			);
			runOnlyForDeploymentPostprocessing = 0;
		};
/* End PBXHeadersBuildPhase section */

/* Begin PBXNativeTarget section */
		CD2299831B10B506002C19AE /* GEOSwift */ = {
			isa = PBXNativeTarget;
			buildConfigurationList = CD22999D1B10B506002C19AE /* Build configuration list for PBXNativeTarget "GEOSwift" */;
			buildPhases = (
				839350CC20EFFA3300403B56 /* Swiftlint */,
				CD22997F1B10B506002C19AE /* Sources */,
				CD2299811B10B506002C19AE /* Headers */,
				CD2299821B10B506002C19AE /* Resources */,
				36BA490CD3061F30F02CD17A /* Frameworks */,
				E2836B6C226F339E0081B1F6 /* Copy geos for Playground */,
			);
			buildRules = (
			);
			dependencies = (
			);
			name = GEOSwift;
			productName = Humboldt;
			productReference = CD2299841B10B506002C19AE /* GEOSwift.framework */;
			productType = "com.apple.product-type.framework";
		};
		CD22998D1B10B506002C19AE /* GEOSwiftTests */ = {
			isa = PBXNativeTarget;
			buildConfigurationList = CD2299A11B10B506002C19AE /* Build configuration list for PBXNativeTarget "GEOSwiftTests" */;
			buildPhases = (
				CD22998A1B10B506002C19AE /* Sources */,
				CD22998B1B10B506002C19AE /* Frameworks */,
				CD22998C1B10B506002C19AE /* Resources */,
				CD20F1DC1B2830600045D8FD /* CopyFiles */,
			);
			buildRules = (
			);
			dependencies = (
				CD2299911B10B506002C19AE /* PBXTargetDependency */,
			);
			name = GEOSwiftTests;
			productName = HumboldtTests;
			productReference = CD22998E1B10B506002C19AE /* GEOSwiftTests.xctest */;
			productType = "com.apple.product-type.bundle.unit-test";
		};
/* End PBXNativeTarget section */

/* Begin PBXProject section */
		CD6533A91B0E0DFF00DE6D84 /* Project object */ = {
			isa = PBXProject;
			attributes = {
				LastSwiftUpdateCheck = 0700;
				LastUpgradeCheck = 1020;
				ORGANIZATIONNAME = GEOSwift;
				TargetAttributes = {
					CD2299831B10B506002C19AE = {
						CreatedOnToolsVersion = 6.3.2;
						LastSwiftMigration = 1020;
						ProvisioningStyle = Automatic;
					};
					CD22998D1B10B506002C19AE = {
						CreatedOnToolsVersion = 6.3.2;
						LastSwiftMigration = 1020;
						ProvisioningStyle = Automatic;
					};
				};
			};
			buildConfigurationList = CD6533AC1B0E0DFF00DE6D84 /* Build configuration list for PBXProject "GEOSwift" */;
			compatibilityVersion = "Xcode 3.2";
			developmentRegion = en;
			hasScannedForEncodings = 0;
			knownRegions = (
				en,
				Base,
			);
			mainGroup = CD6533A81B0E0DFF00DE6D84;
			productRefGroup = CD6533B21B0E0DFF00DE6D84 /* Products */;
			projectDirPath = "";
			projectRoot = "";
			targets = (
				CD2299831B10B506002C19AE /* GEOSwift */,
				CD22998D1B10B506002C19AE /* GEOSwiftTests */,
			);
		};
/* End PBXProject section */

/* Begin PBXResourcesBuildPhase section */
		CD2299821B10B506002C19AE /* Resources */ = {
			isa = PBXResourcesBuildPhase;
			buildActionMask = 2147483647;
			files = (
			);
			runOnlyForDeploymentPostprocessing = 0;
		};
		CD22998C1B10B506002C19AE /* Resources */ = {
			isa = PBXResourcesBuildPhase;
			buildActionMask = 2147483647;
			files = (
			);
			runOnlyForDeploymentPostprocessing = 0;
		};
/* End PBXResourcesBuildPhase section */

/* Begin PBXShellScriptBuildPhase section */
		839350CC20EFFA3300403B56 /* Swiftlint */ = {
			isa = PBXShellScriptBuildPhase;
			buildActionMask = 2147483647;
			files = (
			);
			inputPaths = (
			);
			name = Swiftlint;
			outputPaths = (
			);
			runOnlyForDeploymentPostprocessing = 0;
			shellPath = /bin/sh;
			shellScript = "if which swiftlint > /dev/null; then\n  swiftlint autocorrect\n  swiftlint\nelse\n  echo \"warning: SwiftLint not installed, download from https://github.com/realm/SwiftLint\"\nfi";
			showEnvVarsInLog = 0;
		};
		E2836B6C226F339E0081B1F6 /* Copy geos for Playground */ = {
			isa = PBXShellScriptBuildPhase;
			buildActionMask = 2147483647;
			files = (
			);
			inputFileListPaths = (
			);
			inputPaths = (
			);
			name = "Copy geos for Playground";
			outputFileListPaths = (
			);
			outputPaths = (
			);
			runOnlyForDeploymentPostprocessing = 0;
			shellPath = /bin/sh;
			shellScript = "# This fixes playground unable to find the framework \ncp -R $SRCROOT/Carthage/Build/iOS/geos.framework $BUILT_PRODUCTS_DIR/geos.framework\n";
		};
/* End PBXShellScriptBuildPhase section */

/* Begin PBXSourcesBuildPhase section */
		CD22997F1B10B506002C19AE /* Sources */ = {
			isa = PBXSourcesBuildPhase;
			buildActionMask = 2147483647;
			files = (
				49C2D28A225A460F000AF55D /* GeoJSONType.swift in Sources */,
				49611D86227624D3006BD851 /* Polygon+GEOSObjectInitializable.swift in Sources */,
				49EF9931227525A4000BA832 /* WKB.swift in Sources */,
				49C2D27C225990D1000AF55D /* GEOSwiftError.swift in Sources */,
				49C2D29D225A9165000AF55D /* Geometry+Codable.swift in Sources */,
				49C2D2A0225A9165000AF55D /* MultiLineString+Codable.swift in Sources */,
				49C2D27E225992FB000AF55D /* MultiLineString.swift in Sources */,
				49611D842276247D006BD851 /* LineString+GEOSObjectInitializable.swift in Sources */,
				49611D8222762438006BD851 /* Point+GEOSObjectInitializable.swift in Sources */,
				49C2D2A4225A9165000AF55D /* Feature+Codable.swift in Sources */,
				49C2D2A6225A9165000AF55D /* Point+Codable.swift in Sources */,
				49611D8022762405006BD851 /* GEOSObjectInitializable.swift in Sources */,
				49C2D29E225A9165000AF55D /* JSON+Codable.swift in Sources */,
				49C2D2A5225A9165000AF55D /* FeatureCollection+Codable.swift in Sources */,
				49C2D2A1225A9165000AF55D /* GeoJSON+Codable.swift in Sources */,
				49C2D28C225A8962000AF55D /* GeometryCollection.swift in Sources */,
				49EF9929227522CB000BA832 /* GEOSError.swift in Sources */,
				49C2D27622598BB2000AF55D /* MultiPoint.swift in Sources */,
				49C2D284225998D2000AF55D /* Geometry.swift in Sources */,
				49C2D28622599CC9000AF55D /* JSON.swift in Sources */,
				49611D8C22762571006BD851 /* GEOSHelpers.swift in Sources */,
				49C2D28822599F5D000AF55D /* GeoJSON.swift in Sources */,
				49611D8E227625B0006BD851 /* MultiPolygon+GEOSObjectInitializable.swift in Sources */,
				49C2D27222598431000AF55D /* FeatureCollection.swift in Sources */,
				49611D8A22762556006BD851 /* MultiLineString+GEOSObjectInitializable.swift in Sources */,
				BF7C38081F82F03D001509AF /* Feature.swift in Sources */,
				49611D8822762525006BD851 /* MultiPoint+GEOSObjectInitializable.swift in Sources */,
				49C2D27822598F34000AF55D /* LineString.swift in Sources */,
				49C2D2A7225A9165000AF55D /* GeometryCollection+Codable.swift in Sources */,
				49EF992B227522DF000BA832 /* GEOSContext.swift in Sources */,
				49C2D2A2225A9165000AF55D /* LineString+Codable.swift in Sources */,
				49611D9222763AF7006BD851 /* GEOSGeometry.swift in Sources */,
				49C2D27422598750000AF55D /* Point.swift in Sources */,
				49C2D2A3225A9165000AF55D /* MultiPolygon+Codable.swift in Sources */,
				49C2D2802259948C000AF55D /* Polygon.swift in Sources */,
				49EF992F22752387000BA832 /* WKT.swift in Sources */,
				49C2D29F225A9165000AF55D /* MultiPoint+Codable.swift in Sources */,
				49EF992D22752320000BA832 /* GEOSObject.swift in Sources */,
				49C2D2A8225A9165000AF55D /* Polygon+Codable.swift in Sources */,
				49C2D28E225A89CA000AF55D /* CodableGeometry.swift in Sources */,
				49611D9422764914006BD851 /* GEOSGeometryCollection.swift in Sources */,
				49C2D28222599837000AF55D /* MultiPolygon.swift in Sources */,
			);
			runOnlyForDeploymentPostprocessing = 0;
		};
		CD22998A1B10B506002C19AE /* Sources */ = {
			isa = PBXSourcesBuildPhase;
			buildActionMask = 2147483647;
			files = (
				49910808225AE011008F14F4 /* LineStringTests.swift in Sources */,
				49910806225ADF92008F14F4 /* MultiPointTests.swift in Sources */,
				495C159222602D1F009D1D6C /* MultiPolygon+CodableTests.swift in Sources */,
				499B69722283A9040039991F /* GEOSContextTests.swift in Sources */,
				494F38372263BEDA00D6FE47 /* JSON+CodableTests.swift in Sources */,
				4925D770225C18FF00006D52 /* MultiLineStringTests.swift in Sources */,
				495C1587225F69FC009D1D6C /* CodableTestCase.swift in Sources */,
				495C1589225F7406009D1D6C /* MultiPoint+CodableTests.swift in Sources */,
				4956F5192280FAAA00D8075F /* JSONTests.swift in Sources */,
				495C159022602B89009D1D6C /* Polygon+CodableTests.swift in Sources */,
				4925D778225C1FFF00006D52 /* GeometryCollectionTests.swift in Sources */,
				494F38352263BDBA00D6FE47 /* GeoJSON+CodableTests.swift in Sources */,
				4913AF05225ECBCC00CE633A /* FeatureCollectionTests.swift in Sources */,
				494F382F2263B6CB00D6FE47 /* Feature+CodableTests.swift in Sources */,
				495C158B22602741009D1D6C /* LineString+CodableTests.swift in Sources */,
				494F38312263BA7200D6FE47 /* FeatureCollection+CodableTests.swift in Sources */,
				494F382D2263B30000D6FE47 /* GeometryCollection+CodableTests.swift in Sources */,
				4925D772225C19D100006D52 /* PolygonTests.swift in Sources */,
				494F38332263BCEF00D6FE47 /* Geometry+CodableTests.swift in Sources */,
				4925D776225C1C2C00006D52 /* CoreTypesTestUtilities.swift in Sources */,
				495C158D2260278E009D1D6C /* MultiLineString+CodableTests.swift in Sources */,
				4925D774225C1AFC00006D52 /* MultiPolygonTests.swift in Sources */,
				495C1583225F689A009D1D6C /* Point+CodableTests.swift in Sources */,
				49910804225ADF2F008F14F4 /* PointTests.swift in Sources */,
				49265722225EC97600426A5D /* FeatureTests.swift in Sources */,
			);
			runOnlyForDeploymentPostprocessing = 0;
		};
/* End PBXSourcesBuildPhase section */

/* Begin PBXTargetDependency section */
		CD2299911B10B506002C19AE /* PBXTargetDependency */ = {
			isa = PBXTargetDependency;
			target = CD2299831B10B506002C19AE /* GEOSwift */;
			targetProxy = CD2299901B10B506002C19AE /* PBXContainerItemProxy */;
		};
/* End PBXTargetDependency section */

/* Begin XCBuildConfiguration section */
		CD22999E1B10B506002C19AE /* Debug */ = {
			isa = XCBuildConfiguration;
			buildSettings = {
				DEFINES_MODULE = YES;
				DYLIB_COMPATIBILITY_VERSION = 1;
				DYLIB_CURRENT_VERSION = 1;
				DYLIB_INSTALL_NAME_BASE = "@rpath";
				FRAMEWORK_SEARCH_PATHS = (
					"$(inherited)",
					"$(PROJECT_DIR)/Carthage/Build/iOS",
				);
				GCC_PREPROCESSOR_DEFINITIONS = (
					"$(inherited)",
					GEOS_USE_ONLY_R_API,
				);
				INFOPLIST_FILE = GEOSwift/Info.plist;
				INSTALL_PATH = "$(LOCAL_LIBRARY_DIR)/Frameworks";
				PRODUCT_BUNDLE_IDENTIFIER = "geoswift.$(PRODUCT_NAME:rfc1034identifier)";
				PRODUCT_NAME = "$(TARGET_NAME)";
				SKIP_INSTALL = YES;
				TARGETED_DEVICE_FAMILY = "1,2";
			};
			name = Debug;
		};
		CD22999F1B10B506002C19AE /* Release */ = {
			isa = XCBuildConfiguration;
			buildSettings = {
				DEFINES_MODULE = YES;
				DYLIB_COMPATIBILITY_VERSION = 1;
				DYLIB_CURRENT_VERSION = 1;
				DYLIB_INSTALL_NAME_BASE = "@rpath";
				FRAMEWORK_SEARCH_PATHS = (
					"$(inherited)",
					"$(PROJECT_DIR)/Carthage/Build/iOS",
				);
				GCC_PREPROCESSOR_DEFINITIONS = (
					"$(inherited)",
					GEOS_USE_ONLY_R_API,
				);
				INFOPLIST_FILE = GEOSwift/Info.plist;
				INSTALL_PATH = "$(LOCAL_LIBRARY_DIR)/Frameworks";
				PRODUCT_BUNDLE_IDENTIFIER = "geoswift.$(PRODUCT_NAME:rfc1034identifier)";
				PRODUCT_NAME = "$(TARGET_NAME)";
				SKIP_INSTALL = YES;
				TARGETED_DEVICE_FAMILY = "1,2";
			};
			name = Release;
		};
		CD2299A21B10B506002C19AE /* Debug */ = {
			isa = XCBuildConfiguration;
			buildSettings = {
				COMPRESS_PNG_FILES = NO;
				FRAMEWORK_SEARCH_PATHS = (
					"$(inherited)",
					"$(PROJECT_DIR)/Carthage/Build/iOS",
				);
				INFOPLIST_FILE = GEOSwiftTests/Info.plist;
				LD_RUNPATH_SEARCH_PATHS = "@loader_path/Frameworks";
				PRODUCT_BUNDLE_IDENTIFIER = "geoswift.$(PRODUCT_NAME:rfc1034identifier)";
				PRODUCT_NAME = "$(TARGET_NAME)";
				STRIP_PNG_TEXT = NO;
			};
			name = Debug;
		};
		CD2299A31B10B506002C19AE /* Release */ = {
			isa = XCBuildConfiguration;
			buildSettings = {
				COMPRESS_PNG_FILES = NO;
				FRAMEWORK_SEARCH_PATHS = (
					"$(inherited)",
					"$(PROJECT_DIR)/Carthage/Build/iOS",
				);
				INFOPLIST_FILE = GEOSwiftTests/Info.plist;
				LD_RUNPATH_SEARCH_PATHS = "@loader_path/Frameworks";
				PRODUCT_BUNDLE_IDENTIFIER = "geoswift.$(PRODUCT_NAME:rfc1034identifier)";
				PRODUCT_NAME = "$(TARGET_NAME)";
				STRIP_PNG_TEXT = NO;
			};
			name = Release;
		};
		CD6533CE1B0E0DFF00DE6D84 /* Debug */ = {
			isa = XCBuildConfiguration;
			buildSettings = {
				ALWAYS_SEARCH_USER_PATHS = NO;
				CLANG_ANALYZER_LOCALIZABILITY_NONLOCALIZED = YES;
				CLANG_ENABLE_MODULES = YES;
				CLANG_ENABLE_OBJC_ARC = YES;
				CLANG_WARN_BLOCK_CAPTURE_AUTORELEASING = YES;
				CLANG_WARN_BOOL_CONVERSION = YES;
				CLANG_WARN_COMMA = YES;
				CLANG_WARN_CONSTANT_CONVERSION = YES;
				CLANG_WARN_DEPRECATED_OBJC_IMPLEMENTATIONS = YES;
				CLANG_WARN_DIRECT_OBJC_ISA_USAGE = YES_ERROR;
				CLANG_WARN_EMPTY_BODY = YES;
				CLANG_WARN_ENUM_CONVERSION = YES;
				CLANG_WARN_INFINITE_RECURSION = YES;
				CLANG_WARN_INT_CONVERSION = YES;
				CLANG_WARN_NON_LITERAL_NULL_CONVERSION = YES;
				CLANG_WARN_OBJC_IMPLICIT_RETAIN_SELF = YES;
				CLANG_WARN_OBJC_LITERAL_CONVERSION = YES;
				CLANG_WARN_OBJC_ROOT_CLASS = YES_ERROR;
				CLANG_WARN_RANGE_LOOP_ANALYSIS = YES;
				CLANG_WARN_STRICT_PROTOTYPES = YES;
				CLANG_WARN_SUSPICIOUS_MOVE = YES;
				CLANG_WARN_UNREACHABLE_CODE = YES;
				CLANG_WARN__DUPLICATE_METHOD_MATCH = YES;
				COPY_PHASE_STRIP = NO;
				DEBUG_INFORMATION_FORMAT = "dwarf-with-dsym";
				ENABLE_STRICT_OBJC_MSGSEND = YES;
				ENABLE_TESTABILITY = YES;
				GCC_DYNAMIC_NO_PIC = NO;
				GCC_NO_COMMON_BLOCKS = YES;
				GCC_OPTIMIZATION_LEVEL = 0;
				GCC_PREPROCESSOR_DEFINITIONS = (
					"DEBUG=1",
					"$(inherited)",
				);
				GCC_SYMBOLS_PRIVATE_EXTERN = NO;
				GCC_WARN_64_TO_32_BIT_CONVERSION = YES;
				GCC_WARN_ABOUT_RETURN_TYPE = YES_ERROR;
				GCC_WARN_UNDECLARED_SELECTOR = YES;
				GCC_WARN_UNINITIALIZED_AUTOS = YES_AGGRESSIVE;
				GCC_WARN_UNUSED_FUNCTION = YES;
				GCC_WARN_UNUSED_VARIABLE = YES;
				IPHONEOS_DEPLOYMENT_TARGET = 8.0;
				ONLY_ACTIVE_ARCH = YES;
				SDKROOT = iphoneos;
				SWIFT_ACTIVE_COMPILATION_CONDITIONS = DEBUG;
				SWIFT_OPTIMIZATION_LEVEL = "-Onone";
				SWIFT_VERSION = 5.0;
			};
			name = Debug;
		};
		CD6533CF1B0E0DFF00DE6D84 /* Release */ = {
			isa = XCBuildConfiguration;
			buildSettings = {
				ALWAYS_SEARCH_USER_PATHS = NO;
				CLANG_ANALYZER_LOCALIZABILITY_NONLOCALIZED = YES;
				CLANG_ENABLE_MODULES = YES;
				CLANG_ENABLE_OBJC_ARC = YES;
				CLANG_WARN_BLOCK_CAPTURE_AUTORELEASING = YES;
				CLANG_WARN_BOOL_CONVERSION = YES;
				CLANG_WARN_COMMA = YES;
				CLANG_WARN_CONSTANT_CONVERSION = YES;
				CLANG_WARN_DEPRECATED_OBJC_IMPLEMENTATIONS = YES;
				CLANG_WARN_DIRECT_OBJC_ISA_USAGE = YES_ERROR;
				CLANG_WARN_EMPTY_BODY = YES;
				CLANG_WARN_ENUM_CONVERSION = YES;
				CLANG_WARN_INFINITE_RECURSION = YES;
				CLANG_WARN_INT_CONVERSION = YES;
				CLANG_WARN_NON_LITERAL_NULL_CONVERSION = YES;
				CLANG_WARN_OBJC_IMPLICIT_RETAIN_SELF = YES;
				CLANG_WARN_OBJC_LITERAL_CONVERSION = YES;
				CLANG_WARN_OBJC_ROOT_CLASS = YES_ERROR;
				CLANG_WARN_RANGE_LOOP_ANALYSIS = YES;
				CLANG_WARN_STRICT_PROTOTYPES = YES;
				CLANG_WARN_SUSPICIOUS_MOVE = YES;
				CLANG_WARN_UNREACHABLE_CODE = YES;
				CLANG_WARN__DUPLICATE_METHOD_MATCH = YES;
				COPY_PHASE_STRIP = NO;
				DEBUG_INFORMATION_FORMAT = "dwarf-with-dsym";
				ENABLE_NS_ASSERTIONS = NO;
				ENABLE_STRICT_OBJC_MSGSEND = YES;
				GCC_NO_COMMON_BLOCKS = YES;
				GCC_WARN_64_TO_32_BIT_CONVERSION = YES;
				GCC_WARN_ABOUT_RETURN_TYPE = YES_ERROR;
				GCC_WARN_UNDECLARED_SELECTOR = YES;
				GCC_WARN_UNINITIALIZED_AUTOS = YES_AGGRESSIVE;
				GCC_WARN_UNUSED_FUNCTION = YES;
				GCC_WARN_UNUSED_VARIABLE = YES;
				IPHONEOS_DEPLOYMENT_TARGET = 8.0;
				SDKROOT = iphoneos;
				SWIFT_OPTIMIZATION_LEVEL = "-Owholemodule";
				SWIFT_VERSION = 5.0;
				VALIDATE_PRODUCT = YES;
			};
			name = Release;
		};
/* End XCBuildConfiguration section */

/* Begin XCConfigurationList section */
		CD22999D1B10B506002C19AE /* Build configuration list for PBXNativeTarget "GEOSwift" */ = {
			isa = XCConfigurationList;
			buildConfigurations = (
				CD22999E1B10B506002C19AE /* Debug */,
				CD22999F1B10B506002C19AE /* Release */,
			);
			defaultConfigurationIsVisible = 0;
			defaultConfigurationName = Release;
		};
		CD2299A11B10B506002C19AE /* Build configuration list for PBXNativeTarget "GEOSwiftTests" */ = {
			isa = XCConfigurationList;
			buildConfigurations = (
				CD2299A21B10B506002C19AE /* Debug */,
				CD2299A31B10B506002C19AE /* Release */,
			);
			defaultConfigurationIsVisible = 0;
			defaultConfigurationName = Release;
		};
		CD6533AC1B0E0DFF00DE6D84 /* Build configuration list for PBXProject "GEOSwift" */ = {
			isa = XCConfigurationList;
			buildConfigurations = (
				CD6533CE1B0E0DFF00DE6D84 /* Debug */,
				CD6533CF1B0E0DFF00DE6D84 /* Release */,
			);
			defaultConfigurationIsVisible = 0;
			defaultConfigurationName = Release;
		};
/* End XCConfigurationList section */
	};
	rootObject = CD6533A91B0E0DFF00DE6D84 /* Project object */;
}
